// !$*UTF8*$!
{
	archiveVersion = 1;
	classes = {
	};
	objectVersion = 77;
	objects = {

/* Begin PBXBuildFile section */
		668585B52DBAB509007BB75F /* Units.swift in Sources */ = {isa = PBXBuildFile; fileRef = 668585B42DBAB503007BB75F /* Units.swift */; };
/* End PBXBuildFile section */

/* Begin PBXContainerItemProxy section */
		6685858C2DBAAF57007BB75F /* PBXContainerItemProxy */ = {
			isa = PBXContainerItemProxy;
			containerPortal = 668585762DBAAF56007BB75F /* Project object */;
			proxyType = 1;
			remoteGlobalIDString = 6685857D2DBAAF56007BB75F;
			remoteInfo = WeConvert;
		};
		668585962DBAAF57007BB75F /* PBXContainerItemProxy */ = {
			isa = PBXContainerItemProxy;
			containerPortal = 668585762DBAAF56007BB75F /* Project object */;
			proxyType = 1;
			remoteGlobalIDString = 6685857D2DBAAF56007BB75F;
			remoteInfo = WeConvert;
		};
/* End PBXContainerItemProxy section */

/* Begin PBXFileReference section */
		6685857E2DBAAF56007BB75F /* WeConvert.app */ = {isa = PBXFileReference; explicitFileType = wrapper.application; includeInIndex = 0; path = WeConvert.app; sourceTree = BUILT_PRODUCTS_DIR; };
		6685858B2DBAAF57007BB75F /* WeConvertTests.xctest */ = {isa = PBXFileReference; explicitFileType = wrapper.cfbundle; includeInIndex = 0; path = WeConvertTests.xctest; sourceTree = BUILT_PRODUCTS_DIR; };
		668585952DBAAF57007BB75F /* WeConvertUITests.xctest */ = {isa = PBXFileReference; explicitFileType = wrapper.cfbundle; includeInIndex = 0; path = WeConvertUITests.xctest; sourceTree = BUILT_PRODUCTS_DIR; };
		668585B42DBAB503007BB75F /* Units.swift */ = {isa = PBXFileReference; lastKnownFileType = sourcecode.swift; path = Units.swift; sourceTree = "<group>"; };
/* End PBXFileReference section */

/* Begin PBXFileSystemSynchronizedRootGroup section */
		668585802DBAAF56007BB75F /* WeConvert */ = {
			isa = PBXFileSystemSynchronizedRootGroup;
			path = WeConvert;
			sourceTree = "<group>";
		};
		6685858E2DBAAF57007BB75F /* WeConvertTests */ = {
			isa = PBXFileSystemSynchronizedRootGroup;
			path = WeConvertTests;
			sourceTree = "<group>";
		};
		668585982DBAAF57007BB75F /* WeConvertUITests */ = {
			isa = PBXFileSystemSynchronizedRootGroup;
			path = WeConvertUITests;
			sourceTree = "<group>";
		};
/* End PBXFileSystemSynchronizedRootGroup section */

/* Begin PBXFrameworksBuildPhase section */
		6685857B2DBAAF56007BB75F /* Frameworks */ = {
			isa = PBXFrameworksBuildPhase;
			buildActionMask = 2147483647;
			files = (
			);
			runOnlyForDeploymentPostprocessing = 0;
		};
		668585882DBAAF57007BB75F /* Frameworks */ = {
			isa = PBXFrameworksBuildPhase;
			buildActionMask = 2147483647;
			files = (
			);
			runOnlyForDeploymentPostprocessing = 0;
		};
		668585922DBAAF57007BB75F /* Frameworks */ = {
			isa = PBXFrameworksBuildPhase;
			buildActionMask = 2147483647;
			files = (
			);
			runOnlyForDeploymentPostprocessing = 0;
		};
/* End PBXFrameworksBuildPhase section */

/* Begin PBXGroup section */
		668585752DBAAF56007BB75F = {
			isa = PBXGroup;
			children = (
				668585B42DBAB503007BB75F /* Units.swift */,
				668585802DBAAF56007BB75F /* WeConvert */,
				6685858E2DBAAF57007BB75F /* WeConvertTests */,
				668585982DBAAF57007BB75F /* WeConvertUITests */,
				6685857F2DBAAF56007BB75F /* Products */,
			);
			sourceTree = "<group>";
		};
		6685857F2DBAAF56007BB75F /* Products */ = {
			isa = PBXGroup;
			children = (
				6685857E2DBAAF56007BB75F /* WeConvert.app */,
				6685858B2DBAAF57007BB75F /* WeConvertTests.xctest */,
				668585952DBAAF57007BB75F /* WeConvertUITests.xctest */,
			);
			name = Products;
			sourceTree = "<group>";
		};
/* End PBXGroup section */

/* Begin PBXNativeTarget section */
		6685857D2DBAAF56007BB75F /* WeConvert */ = {
			isa = PBXNativeTarget;
			buildConfigurationList = 6685859F2DBAAF57007BB75F /* Build configuration list for PBXNativeTarget "WeConvert" */;
			buildPhases = (
				6685857A2DBAAF56007BB75F /* Sources */,
				6685857B2DBAAF56007BB75F /* Frameworks */,
				6685857C2DBAAF56007BB75F /* Resources */,
			);
			buildRules = (
			);
			dependencies = (
			);
			fileSystemSynchronizedGroups = (
				668585802DBAAF56007BB75F /* WeConvert */,
			);
			name = WeConvert;
			packageProductDependencies = (
			);
			productName = WeConvert;
			productReference = 6685857E2DBAAF56007BB75F /* WeConvert.app */;
			productType = "com.apple.product-type.application";
		};
		6685858A2DBAAF57007BB75F /* WeConvertTests */ = {
			isa = PBXNativeTarget;
			buildConfigurationList = 668585A22DBAAF57007BB75F /* Build configuration list for PBXNativeTarget "WeConvertTests" */;
			buildPhases = (
				668585872DBAAF57007BB75F /* Sources */,
				668585882DBAAF57007BB75F /* Frameworks */,
				668585892DBAAF57007BB75F /* Resources */,
			);
			buildRules = (
			);
			dependencies = (
				6685858D2DBAAF57007BB75F /* PBXTargetDependency */,
			);
			fileSystemSynchronizedGroups = (
				6685858E2DBAAF57007BB75F /* WeConvertTests */,
			);
			name = WeConvertTests;
			packageProductDependencies = (
			);
			productName = WeConvertTests;
			productReference = 6685858B2DBAAF57007BB75F /* WeConvertTests.xctest */;
			productType = "com.apple.product-type.bundle.unit-test";
		};
		668585942DBAAF57007BB75F /* WeConvertUITests */ = {
			isa = PBXNativeTarget;
			buildConfigurationList = 668585A52DBAAF57007BB75F /* Build configuration list for PBXNativeTarget "WeConvertUITests" */;
			buildPhases = (
				668585912DBAAF57007BB75F /* Sources */,
				668585922DBAAF57007BB75F /* Frameworks */,
				668585932DBAAF57007BB75F /* Resources */,
			);
			buildRules = (
			);
			dependencies = (
				668585972DBAAF57007BB75F /* PBXTargetDependency */,
			);
			fileSystemSynchronizedGroups = (
				668585982DBAAF57007BB75F /* WeConvertUITests */,
			);
			name = WeConvertUITests;
			packageProductDependencies = (
			);
			productName = WeConvertUITests;
			productReference = 668585952DBAAF57007BB75F /* WeConvertUITests.xctest */;
			productType = "com.apple.product-type.bundle.ui-testing";
		};
/* End PBXNativeTarget section */

/* Begin PBXProject section */
		668585762DBAAF56007BB75F /* Project object */ = {
			isa = PBXProject;
			attributes = {
				BuildIndependentTargetsInParallel = 1;
				LastSwiftUpdateCheck = 1630;
				LastUpgradeCheck = 1630;
				TargetAttributes = {
					6685857D2DBAAF56007BB75F = {
						CreatedOnToolsVersion = 16.3;
					};
					6685858A2DBAAF57007BB75F = {
						CreatedOnToolsVersion = 16.3;
						TestTargetID = 6685857D2DBAAF56007BB75F;
					};
					668585942DBAAF57007BB75F = {
						CreatedOnToolsVersion = 16.3;
						TestTargetID = 6685857D2DBAAF56007BB75F;
					};
				};
			};
			buildConfigurationList = 668585792DBAAF56007BB75F /* Build configuration list for PBXProject "WeConvert" */;
			developmentRegion = en;
			hasScannedForEncodings = 0;
			knownRegions = (
				en,
				Base,
			);
			mainGroup = 668585752DBAAF56007BB75F;
			minimizedProjectReferenceProxies = 1;
			preferredProjectObjectVersion = 77;
			productRefGroup = 6685857F2DBAAF56007BB75F /* Products */;
			projectDirPath = "";
			projectRoot = "";
			targets = (
				6685857D2DBAAF56007BB75F /* WeConvert */,
				6685858A2DBAAF57007BB75F /* WeConvertTests */,
				668585942DBAAF57007BB75F /* WeConvertUITests */,
			);
		};
/* End PBXProject section */

/* Begin PBXResourcesBuildPhase section */
		6685857C2DBAAF56007BB75F /* Resources */ = {
			isa = PBXResourcesBuildPhase;
			buildActionMask = 2147483647;
			files = (
			);
			runOnlyForDeploymentPostprocessing = 0;
		};
		668585892DBAAF57007BB75F /* Resources */ = {
			isa = PBXResourcesBuildPhase;
			buildActionMask = 2147483647;
			files = (
			);
			runOnlyForDeploymentPostprocessing = 0;
		};
		668585932DBAAF57007BB75F /* Resources */ = {
			isa = PBXResourcesBuildPhase;
			buildActionMask = 2147483647;
			files = (
			);
			runOnlyForDeploymentPostprocessing = 0;
		};
/* End PBXResourcesBuildPhase section */

/* Begin PBXSourcesBuildPhase section */
		6685857A2DBAAF56007BB75F /* Sources */ = {
			isa = PBXSourcesBuildPhase;
			buildActionMask = 2147483647;
			files = (
				668585B52DBAB509007BB75F /* Units.swift in Sources */,
			);
			runOnlyForDeploymentPostprocessing = 0;
		};
		668585872DBAAF57007BB75F /* Sources */ = {
			isa = PBXSourcesBuildPhase;
			buildActionMask = 2147483647;
			files = (
			);
			runOnlyForDeploymentPostprocessing = 0;
		};
		668585912DBAAF57007BB75F /* Sources */ = {
			isa = PBXSourcesBuildPhase;
			buildActionMask = 2147483647;
			files = (
			);
			runOnlyForDeploymentPostprocessing = 0;
		};
/* End PBXSourcesBuildPhase section */

/* Begin PBXTargetDependency section */
		6685858D2DBAAF57007BB75F /* PBXTargetDependency */ = {
			isa = PBXTargetDependency;
			target = 6685857D2DBAAF56007BB75F /* WeConvert */;
			targetProxy = 6685858C2DBAAF57007BB75F /* PBXContainerItemProxy */;
		};
		668585972DBAAF57007BB75F /* PBXTargetDependency */ = {
			isa = PBXTargetDependency;
			target = 6685857D2DBAAF56007BB75F /* WeConvert */;
			targetProxy = 668585962DBAAF57007BB75F /* PBXContainerItemProxy */;
		};
/* End PBXTargetDependency section */

/* Begin XCBuildConfiguration section */
		6685859D2DBAAF57007BB75F /* Debug */ = {
			isa = XCBuildConfiguration;
			buildSettings = {
				ALWAYS_SEARCH_USER_PATHS = NO;
				ASSETCATALOG_COMPILER_GENERATE_SWIFT_ASSET_SYMBOL_EXTENSIONS = YES;
				CLANG_ANALYZER_NONNULL = YES;
				CLANG_ANALYZER_NUMBER_OBJECT_CONVERSION = YES_AGGRESSIVE;
				CLANG_CXX_LANGUAGE_STANDARD = "gnu++20";
				CLANG_ENABLE_MODULES = YES;
				CLANG_ENABLE_OBJC_ARC = YES;
				CLANG_ENABLE_OBJC_WEAK = YES;
				CLANG_WARN_BLOCK_CAPTURE_AUTORELEASING = YES;
				CLANG_WARN_BOOL_CONVERSION = YES;
				CLANG_WARN_COMMA = YES;
				CLANG_WARN_CONSTANT_CONVERSION = YES;
				CLANG_WARN_DEPRECATED_OBJC_IMPLEMENTATIONS = YES;
				CLANG_WARN_DIRECT_OBJC_ISA_USAGE = YES_ERROR;
				CLANG_WARN_DOCUMENTATION_COMMENTS = YES;
				CLANG_WARN_EMPTY_BODY = YES;
				CLANG_WARN_ENUM_CONVERSION = YES;
				CLANG_WARN_INFINITE_RECURSION = YES;
				CLANG_WARN_INT_CONVERSION = YES;
				CLANG_WARN_NON_LITERAL_NULL_CONVERSION = YES;
				CLANG_WARN_OBJC_IMPLICIT_RETAIN_SELF = YES;
				CLANG_WARN_OBJC_LITERAL_CONVERSION = YES;
				CLANG_WARN_OBJC_ROOT_CLASS = YES_ERROR;
				CLANG_WARN_QUOTED_INCLUDE_IN_FRAMEWORK_HEADER = YES;
				CLANG_WARN_RANGE_LOOP_ANALYSIS = YES;
				CLANG_WARN_STRICT_PROTOTYPES = YES;
				CLANG_WARN_SUSPICIOUS_MOVE = YES;
				CLANG_WARN_UNGUARDED_AVAILABILITY = YES_AGGRESSIVE;
				CLANG_WARN_UNREACHABLE_CODE = YES;
				CLANG_WARN__DUPLICATE_METHOD_MATCH = YES;
				COPY_PHASE_STRIP = NO;
				DEBUG_INFORMATION_FORMAT = dwarf;
				DEVELOPMENT_TEAM = 22MHF556GA;
				ENABLE_STRICT_OBJC_MSGSEND = YES;
				ENABLE_TESTABILITY = YES;
				ENABLE_USER_SCRIPT_SANDBOXING = YES;
				GCC_C_LANGUAGE_STANDARD = gnu17;
				GCC_DYNAMIC_NO_PIC = NO;
				GCC_NO_COMMON_BLOCKS = YES;
				GCC_OPTIMIZATION_LEVEL = 0;
				GCC_PREPROCESSOR_DEFINITIONS = (
					"DEBUG=1",
					"$(inherited)",
				);
				GCC_WARN_64_TO_32_BIT_CONVERSION = YES;
				GCC_WARN_ABOUT_RETURN_TYPE = YES_ERROR;
				GCC_WARN_UNDECLARED_SELECTOR = YES;
				GCC_WARN_UNINITIALIZED_AUTOS = YES_AGGRESSIVE;
				GCC_WARN_UNUSED_FUNCTION = YES;
				GCC_WARN_UNUSED_VARIABLE = YES;
				IPHONEOS_DEPLOYMENT_TARGET = 18.4;
				LOCALIZATION_PREFERS_STRING_CATALOGS = YES;
				MTL_ENABLE_DEBUG_INFO = INCLUDE_SOURCE;
				MTL_FAST_MATH = YES;
				ONLY_ACTIVE_ARCH = YES;
				SDKROOT = iphoneos;
				SWIFT_ACTIVE_COMPILATION_CONDITIONS = "DEBUG $(inherited)";
				SWIFT_OPTIMIZATION_LEVEL = "-Onone";
			};
			name = Debug;
		};
		6685859E2DBAAF57007BB75F /* Release */ = {
			isa = XCBuildConfiguration;
			buildSettings = {
				ALWAYS_SEARCH_USER_PATHS = NO;
				ASSETCATALOG_COMPILER_GENERATE_SWIFT_ASSET_SYMBOL_EXTENSIONS = YES;
				CLANG_ANALYZER_NONNULL = YES;
				CLANG_ANALYZER_NUMBER_OBJECT_CONVERSION = YES_AGGRESSIVE;
				CLANG_CXX_LANGUAGE_STANDARD = "gnu++20";
				CLANG_ENABLE_MODULES = YES;
				CLANG_ENABLE_OBJC_ARC = YES;
				CLANG_ENABLE_OBJC_WEAK = YES;
				CLANG_WARN_BLOCK_CAPTURE_AUTORELEASING = YES;
				CLANG_WARN_BOOL_CONVERSION = YES;
				CLANG_WARN_COMMA = YES;
				CLANG_WARN_CONSTANT_CONVERSION = YES;
				CLANG_WARN_DEPRECATED_OBJC_IMPLEMENTATIONS = YES;
				CLANG_WARN_DIRECT_OBJC_ISA_USAGE = YES_ERROR;
				CLANG_WARN_DOCUMENTATION_COMMENTS = YES;
				CLANG_WARN_EMPTY_BODY = YES;
				CLANG_WARN_ENUM_CONVERSION = YES;
				CLANG_WARN_INFINITE_RECURSION = YES;
				CLANG_WARN_INT_CONVERSION = YES;
				CLANG_WARN_NON_LITERAL_NULL_CONVERSION = YES;
				CLANG_WARN_OBJC_IMPLICIT_RETAIN_SELF = YES;
				CLANG_WARN_OBJC_LITERAL_CONVERSION = YES;
				CLANG_WARN_OBJC_ROOT_CLASS = YES_ERROR;
				CLANG_WARN_QUOTED_INCLUDE_IN_FRAMEWORK_HEADER = YES;
				CLANG_WARN_RANGE_LOOP_ANALYSIS = YES;
				CLANG_WARN_STRICT_PROTOTYPES = YES;
				CLANG_WARN_SUSPICIOUS_MOVE = YES;
				CLANG_WARN_UNGUARDED_AVAILABILITY = YES_AGGRESSIVE;
				CLANG_WARN_UNREACHABLE_CODE = YES;
				CLANG_WARN__DUPLICATE_METHOD_MATCH = YES;
				COPY_PHASE_STRIP = NO;
				DEBUG_INFORMATION_FORMAT = "dwarf-with-dsym";
				DEVELOPMENT_TEAM = 22MHF556GA;
				ENABLE_NS_ASSERTIONS = NO;
				ENABLE_STRICT_OBJC_MSGSEND = YES;
				ENABLE_USER_SCRIPT_SANDBOXING = YES;
				GCC_C_LANGUAGE_STANDARD = gnu17;
				GCC_NO_COMMON_BLOCKS = YES;
				GCC_WARN_64_TO_32_BIT_CONVERSION = YES;
				GCC_WARN_ABOUT_RETURN_TYPE = YES_ERROR;
				GCC_WARN_UNDECLARED_SELECTOR = YES;
				GCC_WARN_UNINITIALIZED_AUTOS = YES_AGGRESSIVE;
				GCC_WARN_UNUSED_FUNCTION = YES;
				GCC_WARN_UNUSED_VARIABLE = YES;
				IPHONEOS_DEPLOYMENT_TARGET = 18.4;
				LOCALIZATION_PREFERS_STRING_CATALOGS = YES;
				MTL_ENABLE_DEBUG_INFO = NO;
				MTL_FAST_MATH = YES;
				SDKROOT = iphoneos;
				SWIFT_COMPILATION_MODE = wholemodule;
				VALIDATE_PRODUCT = YES;
			};
			name = Release;
		};
		668585A02DBAAF57007BB75F /* Debug */ = {
			isa = XCBuildConfiguration;
			buildSettings = {
				ASSETCATALOG_COMPILER_APPICON_NAME = AppIcon;
				ASSETCATALOG_COMPILER_GLOBAL_ACCENT_COLOR_NAME = AccentColor;
				CODE_SIGN_STYLE = Automatic;
				CURRENT_PROJECT_VERSION = 1;
				DEVELOPMENT_TEAM = 22MHF556GA;
				ENABLE_PREVIEWS = YES;
				GENERATE_INFOPLIST_FILE = YES;
				INFOPLIST_KEY_LSApplicationCategoryType = "public.app-category.utilities";
				INFOPLIST_KEY_UIApplicationSceneManifest_Generation = YES;
				INFOPLIST_KEY_UIApplicationSupportsIndirectInputEvents = YES;
				INFOPLIST_KEY_UILaunchScreen_Generation = YES;
				INFOPLIST_KEY_UISupportedInterfaceOrientations_iPad = "UIInterfaceOrientationPortrait UIInterfaceOrientationPortraitUpsideDown UIInterfaceOrientationLandscapeLeft UIInterfaceOrientationLandscapeRight";
				INFOPLIST_KEY_UISupportedInterfaceOrientations_iPhone = "UIInterfaceOrientationPortrait UIInterfaceOrientationLandscapeLeft UIInterfaceOrientationLandscapeRight";
				LD_RUNPATH_SEARCH_PATHS = (
					"$(inherited)",
					"@executable_path/Frameworks",
				);
				MARKETING_VERSION = 1.0;
				PRODUCT_BUNDLE_IDENTIFIER = me.santos.tiago.WeConvert;
				PRODUCT_NAME = "$(TARGET_NAME)";
				SWIFT_EMIT_LOC_STRINGS = YES;
				SWIFT_VERSION = 5.0;
				TARGETED_DEVICE_FAMILY = "1,2";
			};
			name = Debug;
		};
		668585A12DBAAF57007BB75F /* Release */ = {
			isa = XCBuildConfiguration;
			buildSettings = {
				ASSETCATALOG_COMPILER_APPICON_NAME = AppIcon;
				ASSETCATALOG_COMPILER_GLOBAL_ACCENT_COLOR_NAME = AccentColor;
				CODE_SIGN_STYLE = Automatic;
				CURRENT_PROJECT_VERSION = 1;
				DEVELOPMENT_TEAM = 22MHF556GA;
				ENABLE_PREVIEWS = YES;
				GENERATE_INFOPLIST_FILE = YES;
				INFOPLIST_KEY_LSApplicationCategoryType = "public.app-category.utilities";
				INFOPLIST_KEY_UIApplicationSceneManifest_Generation = YES;
				INFOPLIST_KEY_UIApplicationSupportsIndirectInputEvents = YES;
				INFOPLIST_KEY_UILaunchScreen_Generation = YES;
				INFOPLIST_KEY_UISupportedInterfaceOrientations_iPad = "UIInterfaceOrientationPortrait UIInterfaceOrientationPortraitUpsideDown UIInterfaceOrientationLandscapeLeft UIInterfaceOrientationLandscapeRight";
				INFOPLIST_KEY_UISupportedInterfaceOrientations_iPhone = "UIInterfaceOrientationPortrait UIInterfaceOrientationLandscapeLeft UIInterfaceOrientationLandscapeRight";
				LD_RUNPATH_SEARCH_PATHS = (
					"$(inherited)",
					"@executable_path/Frameworks",
				);
				MARKETING_VERSION = 1.0;
				PRODUCT_BUNDLE_IDENTIFIER = me.santos.tiago.WeConvert;
				PRODUCT_NAME = "$(TARGET_NAME)";
				SWIFT_EMIT_LOC_STRINGS = YES;
				SWIFT_VERSION = 5.0;
				TARGETED_DEVICE_FAMILY = "1,2";
			};
			name = Release;
		};
		668585A32DBAAF57007BB75F /* Debug */ = {
			isa = XCBuildConfiguration;
			buildSettings = {
				BUNDLE_LOADER = "$(TEST_HOST)";
				CODE_SIGN_STYLE = Automatic;
				CURRENT_PROJECT_VERSION = 1;
				DEVELOPMENT_TEAM = 22MHF556GA;
				GENERATE_INFOPLIST_FILE = YES;
				IPHONEOS_DEPLOYMENT_TARGET = 18.4;
				MARKETING_VERSION = 1.0;
				PRODUCT_BUNDLE_IDENTIFIER = me.santos.tiago.WeConvertTests;
				PRODUCT_NAME = "$(TARGET_NAME)";
				SWIFT_EMIT_LOC_STRINGS = NO;
				SWIFT_VERSION = 5.0;
				TARGETED_DEVICE_FAMILY = "1,2";
				TEST_HOST = "$(BUILT_PRODUCTS_DIR)/WeConvert.app/$(BUNDLE_EXECUTABLE_FOLDER_PATH)/WeConvert";
			};
			name = Debug;
		};
		668585A42DBAAF57007BB75F /* Release */ = {
			isa = XCBuildConfiguration;
			buildSettings = {
				BUNDLE_LOADER = "$(TEST_HOST)";
				CODE_SIGN_STYLE = Automatic;
				CURRENT_PROJECT_VERSION = 1;
				DEVELOPMENT_TEAM = 22MHF556GA;
				GENERATE_INFOPLIST_FILE = YES;
				IPHONEOS_DEPLOYMENT_TARGET = 18.4;
				MARKETING_VERSION = 1.0;
				PRODUCT_BUNDLE_IDENTIFIER = me.santos.tiago.WeConvertTests;
				PRODUCT_NAME = "$(TARGET_NAME)";
				SWIFT_EMIT_LOC_STRINGS = NO;
				SWIFT_VERSION = 5.0;
				TARGETED_DEVICE_FAMILY = "1,2";
				TEST_HOST = "$(BUILT_PRODUCTS_DIR)/WeConvert.app/$(BUNDLE_EXECUTABLE_FOLDER_PATH)/WeConvert";
			};
			name = Release;
		};
		668585A62DBAAF57007BB75F /* Debug */ = {
			isa = XCBuildConfiguration;
			buildSettings = {
				CODE_SIGN_STYLE = Automatic;
				CURRENT_PROJECT_VERSION = 1;
				DEVELOPMENT_TEAM = 22MHF556GA;
				GENERATE_INFOPLIST_FILE = YES;
				MARKETING_VERSION = 1.0;
				PRODUCT_BUNDLE_IDENTIFIER = me.santos.tiago.WeConvertUITests;
				PRODUCT_NAME = "$(TARGET_NAME)";
				SWIFT_EMIT_LOC_STRINGS = NO;
				SWIFT_VERSION = 5.0;
				TARGETED_DEVICE_FAMILY = "1,2";
				TEST_TARGET_NAME = WeConvert;
			};
			name = Debug;
		};
		668585A72DBAAF57007BB75F /* Release */ = {
			isa = XCBuildConfiguration;
			buildSettings = {
				CODE_SIGN_STYLE = Automatic;
				CURRENT_PROJECT_VERSION = 1;
				DEVELOPMENT_TEAM = 22MHF556GA;
				GENERATE_INFOPLIST_FILE = YES;
				MARKETING_VERSION = 1.0;
				PRODUCT_BUNDLE_IDENTIFIER = me.santos.tiago.WeConvertUITests;
				PRODUCT_NAME = "$(TARGET_NAME)";
				SWIFT_EMIT_LOC_STRINGS = NO;
				SWIFT_VERSION = 5.0;
				TARGETED_DEVICE_FAMILY = "1,2";
				TEST_TARGET_NAME = WeConvert;
			};
			name = Release;
		};
/* End XCBuildConfiguration section */

/* Begin XCConfigurationList section */
		668585792DBAAF56007BB75F /* Build configuration list for PBXProject "WeConvert" */ = {
			isa = XCConfigurationList;
			buildConfigurations = (
				6685859D2DBAAF57007BB75F /* Debug */,
				6685859E2DBAAF57007BB75F /* Release */,
			);
			defaultConfigurationIsVisible = 0;
			defaultConfigurationName = Release;
		};
		6685859F2DBAAF57007BB75F /* Build configuration list for PBXNativeTarget "WeConvert" */ = {
			isa = XCConfigurationList;
			buildConfigurations = (
				668585A02DBAAF57007BB75F /* Debug */,
				668585A12DBAAF57007BB75F /* Release */,
			);
			defaultConfigurationIsVisible = 0;
			defaultConfigurationName = Release;
		};
		668585A22DBAAF57007BB75F /* Build configuration list for PBXNativeTarget "WeConvertTests" */ = {
			isa = XCConfigurationList;
			buildConfigurations = (
				668585A32DBAAF57007BB75F /* Debug */,
				668585A42DBAAF57007BB75F /* Release */,
			);
			defaultConfigurationIsVisible = 0;
			defaultConfigurationName = Release;
		};
		668585A52DBAAF57007BB75F /* Build configuration list for PBXNativeTarget "WeConvertUITests" */ = {
			isa = XCConfigurationList;
			buildConfigurations = (
				668585A62DBAAF57007BB75F /* Debug */,
				668585A72DBAAF57007BB75F /* Release */,
			);
			defaultConfigurationIsVisible = 0;
			defaultConfigurationName = Release;
		};
/* End XCConfigurationList section */
	};
	rootObject = 668585762DBAAF56007BB75F /* Project object */;
}
